
Microsoft Visual Studio Solution File, Format Version 12.00
# Visual Studio 15
Project("{FAE04EC0-301F-11D3-BF4B-00C04F79EFBC}") = "SteamVR", "SteamVR.csproj", "{9F1EE3B2-9302-2314-7BC5-8A14E2E385FB}"
EndProject
Project("{FAE04EC0-301F-11D3-BF4B-00C04F79EFBC}") = "SteamVR_Actions", "SteamVR_Actions.csproj", "{189DCECA-1D6E-A7EB-F32C-60FDC4EA227F}"
EndProject
Project("{FAE04EC0-301F-11D3-BF4B-00C04F79EFBC}") = "Assembly-CSharp", "Assembly-CSharp.csproj", "{A8CEB5F4-7115-F273-78C7-2F58CFDAA95D}"
EndProject
Project("{FAE04EC0-301F-11D3-BF4B-00C04F79EFBC}") = "SteamVR_Editor", "SteamVR_Editor.csproj", "{95A34E77-57D0-1968-3741-54E692021F1D}"
EndProject
Project("{FAE04EC0-301F-11D3-BF4B-00C04F79EFBC}") = "SteamVR_Input_Editor", "SteamVR_Input_Editor.csproj", "{C6CF2F6F-DC46-1350-0E5D-1969C57887B8}"
EndProject
Project("{FAE04EC0-301F-11D3-BF4B-00C04F79EFBC}") = "SteamVR_Windows_EditorHelper", "SteamVR_Windows_EditorHelper.csproj", "{0469F70A-9CF2-21FE-FB95-3B10FA904E94}"
EndProject
Global
	GlobalSection(SolutionConfigurationPlatforms) = preSolution
		Debug|Any CPU = Debug|Any CPU
		Release|Any CPU = Release|Any CPU
	EndGlobalSection
	GlobalSection(ProjectConfigurationPlatforms) = postSolution
		{9F1EE3B2-9302-2314-7BC5-8A14E2E385FB}.Debug|Any CPU.ActiveCfg = Debug|Any CPU
		{9F1EE3B2-9302-2314-7BC5-8A14E2E385FB}.Debug|Any CPU.Build.0 = Debug|Any CPU
		{9F1EE3B2-9302-2314-7BC5-8A14E2E385FB}.Release|Any CPU.ActiveCfg = Release|Any CPU
		{9F1EE3B2-9302-2314-7BC5-8A14E2E385FB}.Release|Any CPU.Build.0 = Release|Any CPU
		{189DCECA-1D6E-A7EB-F32C-60FDC4EA227F}.Debug|Any CPU.ActiveCfg = Debug|Any CPU
		{189DCECA-1D6E-A7EB-F32C-60FDC4EA227F}.Debug|Any CPU.Build.0 = Debug|Any CPU
		{189DCECA-1D6E-A7EB-F32C-60FDC4EA227F}.Release|Any CPU.ActiveCfg = Release|Any CPU
		{189DCECA-1D6E-A7EB-F32C-60FDC4EA227F}.Release|Any CPU.Build.0 = Release|Any CPU
		{A8CEB5F4-7115-F273-78C7-2F58CFDAA95D}.Debug|Any CPU.ActiveCfg = Debug|Any CPU
		{A8CEB5F4-7115-F273-78C7-2F58CFDAA95D}.Debug|Any CPU.Build.0 = Debug|Any CPU
		{A8CEB5F4-7115-F273-78C7-2F58CFDAA95D}.Release|Any CPU.ActiveCfg = Release|Any CPU
		{A8CEB5F4-7115-F273-78C7-2F58CFDAA95D}.Release|Any CPU.Build.0 = Release|Any CPU
		{95A34E77-57D0-1968-3741-54E692021F1D}.Debug|Any CPU.ActiveCfg = Debug|Any CPU
		{95A34E77-57D0-1968-3741-54E692021F1D}.Debug|Any CPU.Build.0 = Debug|Any CPU
		{95A34E77-57D0-1968-3741-54E692021F1D}.Release|Any CPU.ActiveCfg = Release|Any CPU
		{95A34E77-57D0-1968-3741-54E692021F1D}.Release|Any CPU.Build.0 = Release|Any CPU
		{C6CF2F6F-DC46-1350-0E5D-1969C57887B8}.Debug|Any CPU.ActiveCfg = Debug|Any CPU
		{C6CF2F6F-DC46-1350-0E5D-1969C57887B8}.Debug|Any CPU.Build.0 = Debug|Any CPU
		{C6CF2F6F-DC46-1350-0E5D-1969C57887B8}.Release|Any CPU.ActiveCfg = Release|Any CPU
		{C6CF2F6F-DC46-1350-0E5D-1969C57887B8}.Release|Any CPU.Build.0 = Release|Any CPU
		{0469F70A-9CF2-21FE-FB95-3B10FA904E94}.Debug|Any CPU.ActiveCfg = Debug|Any CPU
		{0469F70A-9CF2-21FE-FB95-3B10FA904E94}.Debug|Any CPU.Build.0 = Debug|Any CPU
		{0469F70A-9CF2-21FE-FB95-3B10FA904E94}.Release|Any CPU.ActiveCfg = Release|Any CPU
		{0469F70A-9CF2-21FE-FB95-3B10FA904E94}.Release|Any CPU.Build.0 = Release|Any CPU
	EndGlobalSection
	GlobalSection(SolutionProperties) = preSolution
		HideSolutionNode = FALSE
	EndGlobalSection
EndGlobal
